
Microsoft Visual Studio Solution File, Format Version 12.00
# Visual Studio Version 17
VisualStudioVersion = 17.1.32421.90
MinimumVisualStudioVersion = 10.0.40219.1
Project("{9A19103F-16F7-4668-BE54-9A1E7A4F7556}") = "HomeWork2(OTUS)", "HomeWork2(OTUS)\HomeWork2(OTUS).csproj", "{834E4FA7-84CA-41C4-BA06-4A447945EA54}"
EndProject
Global
	GlobalSection(SolutionConfigurationPlatforms) = preSolution
		Debug|Any CPU = Debug|Any CPU
		Release|Any CPU = Release|Any CPU
	EndGlobalSection
	GlobalSection(ProjectConfigurationPlatforms) = postSolution
		{834E4FA7-84CA-41C4-BA06-4A447945EA54}.Debug|Any CPU.ActiveCfg = Debug|Any CPU
		{834E4FA7-84CA-41C4-BA06-4A447945EA54}.Debug|Any CPU.Build.0 = Debug|Any CPU
		{834E4FA7-84CA-41C4-BA06-4A447945EA54}.Release|Any CPU.ActiveCfg = Release|Any CPU
		{834E4FA7-84CA-41C4-BA06-4A447945EA54}.Release|Any CPU.Build.0 = Release|Any CPU
	EndGlobalSection
	GlobalSection(SolutionProperties) = preSolution
		HideSolutionNode = FALSE
	EndGlobalSection
	GlobalSection(ExtensibilityGlobals) = postSolution
		SolutionGuid = {795CF252-961A-4250-ABFE-E3C6A8BDBEC5}
	EndGlobalSection
EndGlobal
